
Microsoft Visual Studio Solution File, Format Version 12.00
# Visual Studio Version 17
VisualStudioVersion = 17.8.34511.84
MinimumVisualStudioVersion = 10.0.40219.1
Project("{FAE04EC0-301F-11D3-BF4B-00C04F79EFBC}") = "SecureCodingSandbox", "SecureCodingSandbox\SecureCodingSandbox.csproj", "{F9469CE9-ADC3-4A91-9D9C-ED22F0F21E3B}"
EndProject
Project("{FAE04EC0-301F-11D3-BF4B-00C04F79EFBC}") = "Data", "Data\Data.csproj", "{99D2007F-5D90-453A-8D57-1185F4E1496C}"
EndProject
Global
	GlobalSection(SolutionConfigurationPlatforms) = preSolution
		Debug|Any CPU = Debug|Any CPU
		Release|Any CPU = Release|Any CPU
	EndGlobalSection
	GlobalSection(ProjectConfigurationPlatforms) = postSolution
		{F9469CE9-ADC3-4A91-9D9C-ED22F0F21E3B}.Debug|Any CPU.ActiveCfg = Debug|Any CPU
		{F9469CE9-ADC3-4A91-9D9C-ED22F0F21E3B}.Debug|Any CPU.Build.0 = Debug|Any CPU
		{F9469CE9-ADC3-4A91-9D9C-ED22F0F21E3B}.Release|Any CPU.ActiveCfg = Release|Any CPU
		{F9469CE9-ADC3-4A91-9D9C-ED22F0F21E3B}.Release|Any CPU.Build.0 = Release|Any CPU
		{99D2007F-5D90-453A-8D57-1185F4E1496C}.Debug|Any CPU.ActiveCfg = Debug|Any CPU
		{99D2007F-5D90-453A-8D57-1185F4E1496C}.Debug|Any CPU.Build.0 = Debug|Any CPU
		{99D2007F-5D90-453A-8D57-1185F4E1496C}.Release|Any CPU.ActiveCfg = Release|Any CPU
		{99D2007F-5D90-453A-8D57-1185F4E1496C}.Release|Any CPU.Build.0 = Release|Any CPU
	EndGlobalSection
	GlobalSection(SolutionProperties) = preSolution
		HideSolutionNode = FALSE
	EndGlobalSection
	GlobalSection(ExtensibilityGlobals) = postSolution
		SolutionGuid = {BF2654C6-7857-475F-B392-46AABAF07332}
	EndGlobalSection
EndGlobal
